
Microsoft Visual Studio Solution File, Format Version 12.00
# Visual Studio Version 17
VisualStudioVersion = 17.1.32210.238
MinimumVisualStudioVersion = 10.0.40219.1
Project("{FAE04EC0-301F-11D3-BF4B-00C04F79EFBC}") = "DesignPatternBuilder", "DesignPatternBuilder\DesignPatternBuilder.csproj", "{4C5916AD-9E4B-4653-A2FD-5BD274902562}"
EndProject
Global
	GlobalSection(SolutionConfigurationPlatforms) = preSolution
		Debug|Any CPU = Debug|Any CPU
		Release|Any CPU = Release|Any CPU
	EndGlobalSection
	GlobalSection(ProjectConfigurationPlatforms) = postSolution
		{4C5916AD-9E4B-4653-A2FD-5BD274902562}.Debug|Any CPU.ActiveCfg = Debug|Any CPU
		{4C5916AD-9E4B-4653-A2FD-5BD274902562}.Debug|Any CPU.Build.0 = Debug|Any CPU
		{4C5916AD-9E4B-4653-A2FD-5BD274902562}.Release|Any CPU.ActiveCfg = Release|Any CPU
		{4C5916AD-9E4B-4653-A2FD-5BD274902562}.Release|Any CPU.Build.0 = Release|Any CPU
	EndGlobalSection
	GlobalSection(SolutionProperties) = preSolution
		HideSolutionNode = FALSE
	EndGlobalSection
	GlobalSection(ExtensibilityGlobals) = postSolution
		SolutionGuid = {73B3F153-AE1C-4160-B979-125CDF731F8B}
	EndGlobalSection
EndGlobal
